// !$*UTF8*$!
{
	archiveVersion = 1;
	classes = {
	};
	objectVersion = 51;
	objects = {

/* Begin PBXBuildFile section */
		0620701722A1C52B000B6C1D /* FavoriteDetailsViewController.swift in Sources */ = {isa = PBXBuildFile; fileRef = 0620701622A1C52B000B6C1D /* FavoriteDetailsViewController.swift */; };
		06808477229C1A5F00180BBA /* RecipeDetailViewController.swift in Sources */ = {isa = PBXBuildFile; fileRef = 06808476229C1A5F00180BBA /* RecipeDetailViewController.swift */; };
		06808479229C593C00180BBA /* ExtensionUIImageView.swift in Sources */ = {isa = PBXBuildFile; fileRef = 06808478229C593C00180BBA /* ExtensionUIImageView.swift */; };
		0680847B229C61E500180BBA /* ExtensionString.swift in Sources */ = {isa = PBXBuildFile; fileRef = 0680847A229C61E500180BBA /* ExtensionString.swift */; };
		0680847D229D33CC00180BBA /* LoadingCellTableViewCell.swift in Sources */ = {isa = PBXBuildFile; fileRef = 0680847C229D33CC00180BBA /* LoadingCellTableViewCell.swift */; };
		0680847F229D6BD700180BBA /* CDRecipe.swift in Sources */ = {isa = PBXBuildFile; fileRef = 0680847E229D6BD700180BBA /* CDRecipe.swift */; };
		06808481229EAB4200180BBA /* FavoriteListViewController.swift in Sources */ = {isa = PBXBuildFile; fileRef = 06808480229EAB4200180BBA /* FavoriteListViewController.swift */; };
		06808485229FDDD100180BBA /* CustomTabBarController.swift in Sources */ = {isa = PBXBuildFile; fileRef = 06808484229FDDD100180BBA /* CustomTabBarController.swift */; };
		068E7F3F22995D2C007EC32D /* Recipes.swift in Sources */ = {isa = PBXBuildFile; fileRef = 068E7F3E22995D2C007EC32D /* Recipes.swift */; };
		068E7F41229BE27D007EC32D /* ResultSearchTableViewCell.swift in Sources */ = {isa = PBXBuildFile; fileRef = 068E7F40229BE27D007EC32D /* ResultSearchTableViewCell.swift */; };
		06C52F632294752000FE904E /* AppDelegate.swift in Sources */ = {isa = PBXBuildFile; fileRef = 06C52F622294752000FE904E /* AppDelegate.swift */; };
		06C52F682294752000FE904E /* Main.storyboard in Resources */ = {isa = PBXBuildFile; fileRef = 06C52F662294752000FE904E /* Main.storyboard */; };
		06C52F6B2294752000FE904E /* Reciplease.xcdatamodeld in Sources */ = {isa = PBXBuildFile; fileRef = 06C52F692294752000FE904E /* Reciplease.xcdatamodeld */; };
		06C52F6D2294752100FE904E /* Assets.xcassets in Resources */ = {isa = PBXBuildFile; fileRef = 06C52F6C2294752100FE904E /* Assets.xcassets */; };
		06C52F702294752100FE904E /* LaunchScreen.storyboard in Resources */ = {isa = PBXBuildFile; fileRef = 06C52F6E2294752100FE904E /* LaunchScreen.storyboard */; };
		06C52F7B2294752100FE904E /* RecipleaseTests.swift in Sources */ = {isa = PBXBuildFile; fileRef = 06C52F7A2294752100FE904E /* RecipleaseTests.swift */; };
		06C52F8A229485B400FE904E /* SearchPageViewController.swift in Sources */ = {isa = PBXBuildFile; fileRef = 06C52F89229485B400FE904E /* SearchPageViewController.swift */; };
		06C52F8C229489F300FE904E /* UserIngredients.swift in Sources */ = {isa = PBXBuildFile; fileRef = 06C52F8B229489F300FE904E /* UserIngredients.swift */; };
		06C52F922295CF7A00FE904E /* SearchResultViewController.swift in Sources */ = {isa = PBXBuildFile; fileRef = 06C52F912295CF7A00FE904E /* SearchResultViewController.swift */; };
		06C52F96229812FE00FE904E /* Recipes.json in Resources */ = {isa = PBXBuildFile; fileRef = 06C52F95229812FE00FE904E /* Recipes.json */; };
		06C52F982298134000FE904E /* Keys.plist in Resources */ = {isa = PBXBuildFile; fileRef = 06C52F972298134000FE904E /* Keys.plist */; };
		06C52F9A229816C400FE904E /* RecipesService.swift in Sources */ = {isa = PBXBuildFile; fileRef = 06C52F99229816C400FE904E /* RecipesService.swift */; };
		09163EC38747D75621D4537A /* Pods_Reciplease.framework in Frameworks */ = {isa = PBXBuildFile; fileRef = 04168FBA24DA05621314E461 /* Pods_Reciplease.framework */; };
		2877C874624742747E737062 /* Pods_RecipleaseTests.framework in Frameworks */ = {isa = PBXBuildFile; fileRef = 9758FEED5CAF407056B2BAAF /* Pods_RecipleaseTests.framework */; };
/* End PBXBuildFile section */

/* Begin PBXContainerItemProxy section */
		06C52F772294752100FE904E /* PBXContainerItemProxy */ = {
			isa = PBXContainerItemProxy;
			containerPortal = 06C52F572294752000FE904E /* Project object */;
			proxyType = 1;
			remoteGlobalIDString = 06C52F5E2294752000FE904E;
			remoteInfo = Reciplease;
		};
/* End PBXContainerItemProxy section */

/* Begin PBXFileReference section */
		04168FBA24DA05621314E461 /* Pods_Reciplease.framework */ = {isa = PBXFileReference; explicitFileType = wrapper.framework; includeInIndex = 0; path = Pods_Reciplease.framework; sourceTree = BUILT_PRODUCTS_DIR; };
		05AAA1EF460078E723FF9FA8 /* Pods-Reciplease.release.xcconfig */ = {isa = PBXFileReference; includeInIndex = 1; lastKnownFileType = text.xcconfig; name = "Pods-Reciplease.release.xcconfig"; path = "Target Support Files/Pods-Reciplease/Pods-Reciplease.release.xcconfig"; sourceTree = "<group>"; };
		0620701622A1C52B000B6C1D /* FavoriteDetailsViewController.swift */ = {isa = PBXFileReference; lastKnownFileType = sourcecode.swift; path = FavoriteDetailsViewController.swift; sourceTree = "<group>"; };
		06808476229C1A5F00180BBA /* RecipeDetailViewController.swift */ = {isa = PBXFileReference; lastKnownFileType = sourcecode.swift; path = RecipeDetailViewController.swift; sourceTree = "<group>"; };
		06808478229C593C00180BBA /* ExtensionUIImageView.swift */ = {isa = PBXFileReference; lastKnownFileType = sourcecode.swift; path = ExtensionUIImageView.swift; sourceTree = "<group>"; };
		0680847A229C61E500180BBA /* ExtensionString.swift */ = {isa = PBXFileReference; lastKnownFileType = sourcecode.swift; path = ExtensionString.swift; sourceTree = "<group>"; };
		0680847C229D33CC00180BBA /* LoadingCellTableViewCell.swift */ = {isa = PBXFileReference; lastKnownFileType = sourcecode.swift; path = LoadingCellTableViewCell.swift; sourceTree = "<group>"; };
		0680847E229D6BD700180BBA /* CDRecipe.swift */ = {isa = PBXFileReference; lastKnownFileType = sourcecode.swift; path = CDRecipe.swift; sourceTree = "<group>"; };
		06808480229EAB4200180BBA /* FavoriteListViewController.swift */ = {isa = PBXFileReference; lastKnownFileType = sourcecode.swift; path = FavoriteListViewController.swift; sourceTree = "<group>"; };
		06808484229FDDD100180BBA /* CustomTabBarController.swift */ = {isa = PBXFileReference; lastKnownFileType = sourcecode.swift; path = CustomTabBarController.swift; sourceTree = "<group>"; };
		068E7F3E22995D2C007EC32D /* Recipes.swift */ = {isa = PBXFileReference; lastKnownFileType = sourcecode.swift; path = Recipes.swift; sourceTree = "<group>"; };
		068E7F40229BE27D007EC32D /* ResultSearchTableViewCell.swift */ = {isa = PBXFileReference; lastKnownFileType = sourcecode.swift; path = ResultSearchTableViewCell.swift; sourceTree = "<group>"; };
		06C52F5F2294752000FE904E /* Reciplease.app */ = {isa = PBXFileReference; explicitFileType = wrapper.application; includeInIndex = 0; path = Reciplease.app; sourceTree = BUILT_PRODUCTS_DIR; };
		06C52F622294752000FE904E /* AppDelegate.swift */ = {isa = PBXFileReference; lastKnownFileType = sourcecode.swift; path = AppDelegate.swift; sourceTree = "<group>"; };
		06C52F672294752000FE904E /* Base */ = {isa = PBXFileReference; lastKnownFileType = file.storyboard; name = Base; path = Base.lproj/Main.storyboard; sourceTree = "<group>"; };
		06C52F6A2294752000FE904E /* Reciplease.xcdatamodel */ = {isa = PBXFileReference; lastKnownFileType = wrapper.xcdatamodel; path = Reciplease.xcdatamodel; sourceTree = "<group>"; };
		06C52F6C2294752100FE904E /* Assets.xcassets */ = {isa = PBXFileReference; lastKnownFileType = folder.assetcatalog; path = Assets.xcassets; sourceTree = "<group>"; };
		06C52F6F2294752100FE904E /* Base */ = {isa = PBXFileReference; lastKnownFileType = file.storyboard; name = Base; path = Base.lproj/LaunchScreen.storyboard; sourceTree = "<group>"; };
		06C52F712294752100FE904E /* Info.plist */ = {isa = PBXFileReference; lastKnownFileType = text.plist.xml; path = Info.plist; sourceTree = "<group>"; };
		06C52F762294752100FE904E /* RecipleaseTests.xctest */ = {isa = PBXFileReference; explicitFileType = wrapper.cfbundle; includeInIndex = 0; path = RecipleaseTests.xctest; sourceTree = BUILT_PRODUCTS_DIR; };
		06C52F7A2294752100FE904E /* RecipleaseTests.swift */ = {isa = PBXFileReference; lastKnownFileType = sourcecode.swift; path = RecipleaseTests.swift; sourceTree = "<group>"; };
		06C52F7C2294752100FE904E /* Info.plist */ = {isa = PBXFileReference; lastKnownFileType = text.plist.xml; path = Info.plist; sourceTree = "<group>"; };
		06C52F89229485B400FE904E /* SearchPageViewController.swift */ = {isa = PBXFileReference; lastKnownFileType = sourcecode.swift; path = SearchPageViewController.swift; sourceTree = "<group>"; };
		06C52F8B229489F300FE904E /* UserIngredients.swift */ = {isa = PBXFileReference; lastKnownFileType = sourcecode.swift; path = UserIngredients.swift; sourceTree = "<group>"; };
		06C52F912295CF7A00FE904E /* SearchResultViewController.swift */ = {isa = PBXFileReference; lastKnownFileType = sourcecode.swift; path = SearchResultViewController.swift; sourceTree = "<group>"; };
		06C52F95229812FE00FE904E /* Recipes.json */ = {isa = PBXFileReference; lastKnownFileType = text.json; path = Recipes.json; sourceTree = "<group>"; };
		06C52F972298134000FE904E /* Keys.plist */ = {isa = PBXFileReference; lastKnownFileType = text.plist.xml; path = Keys.plist; sourceTree = "<group>"; };
		06C52F99229816C400FE904E /* RecipesService.swift */ = {isa = PBXFileReference; lastKnownFileType = sourcecode.swift; path = RecipesService.swift; sourceTree = "<group>"; };
		331367ABC7E2B9982985C8E9 /* Pods-RecipleaseTests.release.xcconfig */ = {isa = PBXFileReference; includeInIndex = 1; lastKnownFileType = text.xcconfig; name = "Pods-RecipleaseTests.release.xcconfig"; path = "Target Support Files/Pods-RecipleaseTests/Pods-RecipleaseTests.release.xcconfig"; sourceTree = "<group>"; };
		51913D447F89D89899DBE551 /* Pods-Reciplease.debug.xcconfig */ = {isa = PBXFileReference; includeInIndex = 1; lastKnownFileType = text.xcconfig; name = "Pods-Reciplease.debug.xcconfig"; path = "Target Support Files/Pods-Reciplease/Pods-Reciplease.debug.xcconfig"; sourceTree = "<group>"; };
		9758FEED5CAF407056B2BAAF /* Pods_RecipleaseTests.framework */ = {isa = PBXFileReference; explicitFileType = wrapper.framework; includeInIndex = 0; path = Pods_RecipleaseTests.framework; sourceTree = BUILT_PRODUCTS_DIR; };
		B1BE2522D0177A7E72F86836 /* Pods-RecipleaseTests.debug.xcconfig */ = {isa = PBXFileReference; includeInIndex = 1; lastKnownFileType = text.xcconfig; name = "Pods-RecipleaseTests.debug.xcconfig"; path = "Target Support Files/Pods-RecipleaseTests/Pods-RecipleaseTests.debug.xcconfig"; sourceTree = "<group>"; };
/* End PBXFileReference section */

/* Begin PBXFrameworksBuildPhase section */
		06C52F5C2294752000FE904E /* Frameworks */ = {
			isa = PBXFrameworksBuildPhase;
			buildActionMask = 2147483647;
			files = (
				09163EC38747D75621D4537A /* Pods_Reciplease.framework in Frameworks */,
			);
			runOnlyForDeploymentPostprocessing = 0;
		};
		06C52F732294752100FE904E /* Frameworks */ = {
			isa = PBXFrameworksBuildPhase;
			buildActionMask = 2147483647;
			files = (
				2877C874624742747E737062 /* Pods_RecipleaseTests.framework in Frameworks */,
			);
			runOnlyForDeploymentPostprocessing = 0;
		};
/* End PBXFrameworksBuildPhase section */

/* Begin PBXGroup section */
		06C52F562294752000FE904E = {
			isa = PBXGroup;
			children = (
				06C52F972298134000FE904E /* Keys.plist */,
				06C52F612294752000FE904E /* Reciplease */,
				06C52F792294752100FE904E /* RecipleaseTests */,
				06C52F602294752000FE904E /* Products */,
				F6152E377B217B6155DA7497 /* Pods */,
				EC5876512E162E9F6D62D1BC /* Frameworks */,
			);
			sourceTree = "<group>";
		};
		06C52F602294752000FE904E /* Products */ = {
			isa = PBXGroup;
			children = (
				06C52F5F2294752000FE904E /* Reciplease.app */,
				06C52F762294752100FE904E /* RecipleaseTests.xctest */,
			);
			name = Products;
			sourceTree = "<group>";
		};
		06C52F612294752000FE904E /* Reciplease */ = {
			isa = PBXGroup;
			children = (
				06C52F872294763100FE904E /* Controller */,
				06C52F862294762C00FE904E /* View */,
				06C52F852294762300FE904E /* Model */,
				06C52F622294752000FE904E /* AppDelegate.swift */,
				06C52F712294752100FE904E /* Info.plist */,
			);
			path = Reciplease;
			sourceTree = "<group>";
		};
		06C52F792294752100FE904E /* RecipleaseTests */ = {
			isa = PBXGroup;
			children = (
				06C52F7A2294752100FE904E /* RecipleaseTests.swift */,
				06C52F7C2294752100FE904E /* Info.plist */,
				06C52F95229812FE00FE904E /* Recipes.json */,
			);
			path = RecipleaseTests;
			sourceTree = "<group>";
		};
		06C52F852294762300FE904E /* Model */ = {
			isa = PBXGroup;
			children = (
				06C52F692294752000FE904E /* Reciplease.xcdatamodeld */,
				06C52F8B229489F300FE904E /* UserIngredients.swift */,
				06C52F99229816C400FE904E /* RecipesService.swift */,
				068E7F3E22995D2C007EC32D /* Recipes.swift */,
				0680847A229C61E500180BBA /* ExtensionString.swift */,
				0680847E229D6BD700180BBA /* CDRecipe.swift */,
			);
			path = Model;
			sourceTree = "<group>";
		};
		06C52F862294762C00FE904E /* View */ = {
			isa = PBXGroup;
			children = (
				06C52F662294752000FE904E /* Main.storyboard */,
				06C52F6E2294752100FE904E /* LaunchScreen.storyboard */,
				06C52F6C2294752100FE904E /* Assets.xcassets */,
				068E7F40229BE27D007EC32D /* ResultSearchTableViewCell.swift */,
				06808478229C593C00180BBA /* ExtensionUIImageView.swift */,
				0680847C229D33CC00180BBA /* LoadingCellTableViewCell.swift */,
			);
			path = View;
			sourceTree = "<group>";
		};
		06C52F872294763100FE904E /* Controller */ = {
			isa = PBXGroup;
			children = (
				06C52F89229485B400FE904E /* SearchPageViewController.swift */,
				06C52F912295CF7A00FE904E /* SearchResultViewController.swift */,
				06808476229C1A5F00180BBA /* RecipeDetailViewController.swift */,
				0620701622A1C52B000B6C1D /* FavoriteDetailsViewController.swift */,
				06808480229EAB4200180BBA /* FavoriteListViewController.swift */,
				06808484229FDDD100180BBA /* CustomTabBarController.swift */,
			);
			path = Controller;
			sourceTree = "<group>";
		};
		EC5876512E162E9F6D62D1BC /* Frameworks */ = {
			isa = PBXGroup;
			children = (
				04168FBA24DA05621314E461 /* Pods_Reciplease.framework */,
				9758FEED5CAF407056B2BAAF /* Pods_RecipleaseTests.framework */,
			);
			name = Frameworks;
			sourceTree = "<group>";
		};
		F6152E377B217B6155DA7497 /* Pods */ = {
			isa = PBXGroup;
			children = (
				51913D447F89D89899DBE551 /* Pods-Reciplease.debug.xcconfig */,
				05AAA1EF460078E723FF9FA8 /* Pods-Reciplease.release.xcconfig */,
				B1BE2522D0177A7E72F86836 /* Pods-RecipleaseTests.debug.xcconfig */,
				331367ABC7E2B9982985C8E9 /* Pods-RecipleaseTests.release.xcconfig */,
			);
			path = Pods;
			sourceTree = "<group>";
		};
/* End PBXGroup section */

/* Begin PBXNativeTarget section */
		06C52F5E2294752000FE904E /* Reciplease */ = {
			isa = PBXNativeTarget;
			buildConfigurationList = 06C52F7F2294752100FE904E /* Build configuration list for PBXNativeTarget "Reciplease" */;
			buildPhases = (
				DBCD70F385848122D68400D7 /* [CP] Check Pods Manifest.lock */,
				06C52F5B2294752000FE904E /* Sources */,
				06C52F5C2294752000FE904E /* Frameworks */,
				06C52F5D2294752000FE904E /* Resources */,
				1D815F82FDA2A5637592530C /* [CP] Embed Pods Frameworks */,
			);
			buildRules = (
			);
			dependencies = (
			);
			name = Reciplease;
			productName = Reciplease;
			productReference = 06C52F5F2294752000FE904E /* Reciplease.app */;
			productType = "com.apple.product-type.application";
		};
		06C52F752294752100FE904E /* RecipleaseTests */ = {
			isa = PBXNativeTarget;
			buildConfigurationList = 06C52F822294752100FE904E /* Build configuration list for PBXNativeTarget "RecipleaseTests" */;
			buildPhases = (
				F5BE0D346D8E8FFF95185078 /* [CP] Check Pods Manifest.lock */,
				06C52F722294752100FE904E /* Sources */,
				06C52F732294752100FE904E /* Frameworks */,
				06C52F742294752100FE904E /* Resources */,
			);
			buildRules = (
			);
			dependencies = (
				06C52F782294752100FE904E /* PBXTargetDependency */,
			);
			name = RecipleaseTests;
			productName = RecipleaseTests;
			productReference = 06C52F762294752100FE904E /* RecipleaseTests.xctest */;
			productType = "com.apple.product-type.bundle.unit-test";
		};
/* End PBXNativeTarget section */

/* Begin PBXProject section */
		06C52F572294752000FE904E /* Project object */ = {
			isa = PBXProject;
			attributes = {
				LastSwiftUpdateCheck = 1020;
				LastUpgradeCheck = 1020;
				ORGANIZATIONNAME = "Nicolas Sommereijns";
				TargetAttributes = {
					06C52F5E2294752000FE904E = {
						CreatedOnToolsVersion = 10.2.1;
					};
					06C52F752294752100FE904E = {
						CreatedOnToolsVersion = 10.2.1;
						TestTargetID = 06C52F5E2294752000FE904E;
					};
				};
			};
			buildConfigurationList = 06C52F5A2294752000FE904E /* Build configuration list for PBXProject "Reciplease" */;
			compatibilityVersion = "Xcode 9.3";
			developmentRegion = en;
			hasScannedForEncodings = 0;
			knownRegions = (
				en,
				Base,
			);
			mainGroup = 06C52F562294752000FE904E;
			productRefGroup = 06C52F602294752000FE904E /* Products */;
			projectDirPath = "";
			projectRoot = "";
			targets = (
				06C52F5E2294752000FE904E /* Reciplease */,
				06C52F752294752100FE904E /* RecipleaseTests */,
			);
		};
/* End PBXProject section */

/* Begin PBXResourcesBuildPhase section */
		06C52F5D2294752000FE904E /* Resources */ = {
			isa = PBXResourcesBuildPhase;
			buildActionMask = 2147483647;
			files = (
				06C52F982298134000FE904E /* Keys.plist in Resources */,
				06C52F702294752100FE904E /* LaunchScreen.storyboard in Resources */,
				06C52F6D2294752100FE904E /* Assets.xcassets in Resources */,
				06C52F682294752000FE904E /* Main.storyboard in Resources */,
			);
			runOnlyForDeploymentPostprocessing = 0;
		};
		06C52F742294752100FE904E /* Resources */ = {
			isa = PBXResourcesBuildPhase;
			buildActionMask = 2147483647;
			files = (
				06C52F96229812FE00FE904E /* Recipes.json in Resources */,
			);
			runOnlyForDeploymentPostprocessing = 0;
		};
/* End PBXResourcesBuildPhase section */

/* Begin PBXShellScriptBuildPhase section */
		1D815F82FDA2A5637592530C /* [CP] Embed Pods Frameworks */ = {
			isa = PBXShellScriptBuildPhase;
			buildActionMask = 2147483647;
			files = (
			);
			inputFileListPaths = (
				"${PODS_ROOT}/Target Support Files/Pods-Reciplease/Pods-Reciplease-frameworks-${CONFIGURATION}-input-files.xcfilelist",
			);
			name = "[CP] Embed Pods Frameworks";
			outputFileListPaths = (
				"${PODS_ROOT}/Target Support Files/Pods-Reciplease/Pods-Reciplease-frameworks-${CONFIGURATION}-output-files.xcfilelist",
			);
			runOnlyForDeploymentPostprocessing = 0;
			shellPath = /bin/sh;
			shellScript = "\"${PODS_ROOT}/Target Support Files/Pods-Reciplease/Pods-Reciplease-frameworks.sh\"\n";
			showEnvVarsInLog = 0;
		};
		DBCD70F385848122D68400D7 /* [CP] Check Pods Manifest.lock */ = {
			isa = PBXShellScriptBuildPhase;
			buildActionMask = 2147483647;
			files = (
			);
			inputFileListPaths = (
			);
			inputPaths = (
				"${PODS_PODFILE_DIR_PATH}/Podfile.lock",
				"${PODS_ROOT}/Manifest.lock",
			);
			name = "[CP] Check Pods Manifest.lock";
			outputFileListPaths = (
			);
			outputPaths = (
				"$(DERIVED_FILE_DIR)/Pods-Reciplease-checkManifestLockResult.txt",
			);
			runOnlyForDeploymentPostprocessing = 0;
			shellPath = /bin/sh;
			shellScript = "diff \"${PODS_PODFILE_DIR_PATH}/Podfile.lock\" \"${PODS_ROOT}/Manifest.lock\" > /dev/null\nif [ $? != 0 ] ; then\n    # print error to STDERR\n    echo \"error: The sandbox is not in sync with the Podfile.lock. Run 'pod install' or update your CocoaPods installation.\" >&2\n    exit 1\nfi\n# This output is used by Xcode 'outputs' to avoid re-running this script phase.\necho \"SUCCESS\" > \"${SCRIPT_OUTPUT_FILE_0}\"\n";
			showEnvVarsInLog = 0;
		};
		F5BE0D346D8E8FFF95185078 /* [CP] Check Pods Manifest.lock */ = {
			isa = PBXShellScriptBuildPhase;
			buildActionMask = 2147483647;
			files = (
			);
			inputFileListPaths = (
			);
			inputPaths = (
				"${PODS_PODFILE_DIR_PATH}/Podfile.lock",
				"${PODS_ROOT}/Manifest.lock",
			);
			name = "[CP] Check Pods Manifest.lock";
			outputFileListPaths = (
			);
			outputPaths = (
				"$(DERIVED_FILE_DIR)/Pods-RecipleaseTests-checkManifestLockResult.txt",
			);
			runOnlyForDeploymentPostprocessing = 0;
			shellPath = /bin/sh;
			shellScript = "diff \"${PODS_PODFILE_DIR_PATH}/Podfile.lock\" \"${PODS_ROOT}/Manifest.lock\" > /dev/null\nif [ $? != 0 ] ; then\n    # print error to STDERR\n    echo \"error: The sandbox is not in sync with the Podfile.lock. Run 'pod install' or update your CocoaPods installation.\" >&2\n    exit 1\nfi\n# This output is used by Xcode 'outputs' to avoid re-running this script phase.\necho \"SUCCESS\" > \"${SCRIPT_OUTPUT_FILE_0}\"\n";
			showEnvVarsInLog = 0;
		};
/* End PBXShellScriptBuildPhase section */

/* Begin PBXSourcesBuildPhase section */
		06C52F5B2294752000FE904E /* Sources */ = {
			isa = PBXSourcesBuildPhase;
			buildActionMask = 2147483647;
			files = (
				06808481229EAB4200180BBA /* FavoriteListViewController.swift in Sources */,
				06808479229C593C00180BBA /* ExtensionUIImageView.swift in Sources */,
				06808485229FDDD100180BBA /* CustomTabBarController.swift in Sources */,
				06C52F8C229489F300FE904E /* UserIngredients.swift in Sources */,
				0680847D229D33CC00180BBA /* LoadingCellTableViewCell.swift in Sources */,
				06808477229C1A5F00180BBA /* RecipeDetailViewController.swift in Sources */,
				06C52F8A229485B400FE904E /* SearchPageViewController.swift in Sources */,
				0680847F229D6BD700180BBA /* CDRecipe.swift in Sources */,
				068E7F41229BE27D007EC32D /* ResultSearchTableViewCell.swift in Sources */,
				068E7F3F22995D2C007EC32D /* Recipes.swift in Sources */,
				06C52F922295CF7A00FE904E /* SearchResultViewController.swift in Sources */,
				0620701722A1C52B000B6C1D /* FavoriteDetailsViewController.swift in Sources */,
				0680847B229C61E500180BBA /* ExtensionString.swift in Sources */,
				06C52F6B2294752000FE904E /* Reciplease.xcdatamodeld in Sources */,
				06C52F632294752000FE904E /* AppDelegate.swift in Sources */,
				06C52F9A229816C400FE904E /* RecipesService.swift in Sources */,
			);
			runOnlyForDeploymentPostprocessing = 0;
		};
		06C52F722294752100FE904E /* Sources */ = {
			isa = PBXSourcesBuildPhase;
			buildActionMask = 2147483647;
			files = (
				06C52F7B2294752100FE904E /* RecipleaseTests.swift in Sources */,
			);
			runOnlyForDeploymentPostprocessing = 0;
		};
/* End PBXSourcesBuildPhase section */

/* Begin PBXTargetDependency section */
		06C52F782294752100FE904E /* PBXTargetDependency */ = {
			isa = PBXTargetDependency;
			target = 06C52F5E2294752000FE904E /* Reciplease */;
			targetProxy = 06C52F772294752100FE904E /* PBXContainerItemProxy */;
		};
/* End PBXTargetDependency section */

/* Begin PBXVariantGroup section */
		06C52F662294752000FE904E /* Main.storyboard */ = {
			isa = PBXVariantGroup;
			children = (
				06C52F672294752000FE904E /* Base */,
			);
			name = Main.storyboard;
			sourceTree = "<group>";
		};
		06C52F6E2294752100FE904E /* LaunchScreen.storyboard */ = {
			isa = PBXVariantGroup;
			children = (
				06C52F6F2294752100FE904E /* Base */,
			);
			name = LaunchScreen.storyboard;
			sourceTree = "<group>";
		};
/* End PBXVariantGroup section */

/* Begin XCBuildConfiguration section */
		06C52F7D2294752100FE904E /* Debug */ = {
			isa = XCBuildConfiguration;
			buildSettings = {
				ALWAYS_SEARCH_USER_PATHS = NO;
				CLANG_ANALYZER_NONNULL = YES;
				CLANG_ANALYZER_NUMBER_OBJECT_CONVERSION = YES_AGGRESSIVE;
				CLANG_CXX_LANGUAGE_STANDARD = "gnu++14";
				CLANG_CXX_LIBRARY = "libc++";
				CLANG_ENABLE_MODULES = YES;
				CLANG_ENABLE_OBJC_ARC = YES;
				CLANG_ENABLE_OBJC_WEAK = YES;
				CLANG_WARN_BLOCK_CAPTURE_AUTORELEASING = YES;
				CLANG_WARN_BOOL_CONVERSION = YES;
				CLANG_WARN_COMMA = YES;
				CLANG_WARN_CONSTANT_CONVERSION = YES;
				CLANG_WARN_DEPRECATED_OBJC_IMPLEMENTATIONS = YES;
				CLANG_WARN_DIRECT_OBJC_ISA_USAGE = YES_ERROR;
				CLANG_WARN_DOCUMENTATION_COMMENTS = YES;
				CLANG_WARN_EMPTY_BODY = YES;
				CLANG_WARN_ENUM_CONVERSION = YES;
				CLANG_WARN_INFINITE_RECURSION = YES;
				CLANG_WARN_INT_CONVERSION = YES;
				CLANG_WARN_NON_LITERAL_NULL_CONVERSION = YES;
				CLANG_WARN_OBJC_IMPLICIT_RETAIN_SELF = YES;
				CLANG_WARN_OBJC_LITERAL_CONVERSION = YES;
				CLANG_WARN_OBJC_ROOT_CLASS = YES_ERROR;
				CLANG_WARN_RANGE_LOOP_ANALYSIS = YES;
				CLANG_WARN_STRICT_PROTOTYPES = YES;
				CLANG_WARN_SUSPICIOUS_MOVE = YES;
				CLANG_WARN_UNGUARDED_AVAILABILITY = YES_AGGRESSIVE;
				CLANG_WARN_UNREACHABLE_CODE = YES;
				CLANG_WARN__DUPLICATE_METHOD_MATCH = YES;
				CODE_SIGN_IDENTITY = "iPhone Developer";
				COPY_PHASE_STRIP = NO;
				DEBUG_INFORMATION_FORMAT = dwarf;
				ENABLE_STRICT_OBJC_MSGSEND = YES;
				ENABLE_TESTABILITY = YES;
				GCC_C_LANGUAGE_STANDARD = gnu11;
				GCC_DYNAMIC_NO_PIC = NO;
				GCC_NO_COMMON_BLOCKS = YES;
				GCC_OPTIMIZATION_LEVEL = 0;
				GCC_PREPROCESSOR_DEFINITIONS = (
					"DEBUG=1",
					"$(inherited)",
				);
				GCC_WARN_64_TO_32_BIT_CONVERSION = YES;
				GCC_WARN_ABOUT_RETURN_TYPE = YES_ERROR;
				GCC_WARN_UNDECLARED_SELECTOR = YES;
				GCC_WARN_UNINITIALIZED_AUTOS = YES_AGGRESSIVE;
				GCC_WARN_UNUSED_FUNCTION = YES;
				GCC_WARN_UNUSED_VARIABLE = YES;
				IPHONEOS_DEPLOYMENT_TARGET = 12.2;
				MTL_ENABLE_DEBUG_INFO = INCLUDE_SOURCE;
				MTL_FAST_MATH = YES;
				ONLY_ACTIVE_ARCH = YES;
				SDKROOT = iphoneos;
				SWIFT_ACTIVE_COMPILATION_CONDITIONS = DEBUG;
				SWIFT_OPTIMIZATION_LEVEL = "-Onone";
			};
			name = Debug;
		};
		06C52F7E2294752100FE904E /* Release */ = {
			isa = XCBuildConfiguration;
			buildSettings = {
				ALWAYS_SEARCH_USER_PATHS = NO;
				CLANG_ANALYZER_NONNULL = YES;
				CLANG_ANALYZER_NUMBER_OBJECT_CONVERSION = YES_AGGRESSIVE;
				CLANG_CXX_LANGUAGE_STANDARD = "gnu++14";
				CLANG_CXX_LIBRARY = "libc++";
				CLANG_ENABLE_MODULES = YES;
				CLANG_ENABLE_OBJC_ARC = YES;
				CLANG_ENABLE_OBJC_WEAK = YES;
				CLANG_WARN_BLOCK_CAPTURE_AUTORELEASING = YES;
				CLANG_WARN_BOOL_CONVERSION = YES;
				CLANG_WARN_COMMA = YES;
				CLANG_WARN_CONSTANT_CONVERSION = YES;
				CLANG_WARN_DEPRECATED_OBJC_IMPLEMENTATIONS = YES;
				CLANG_WARN_DIRECT_OBJC_ISA_USAGE = YES_ERROR;
				CLANG_WARN_DOCUMENTATION_COMMENTS = YES;
				CLANG_WARN_EMPTY_BODY = YES;
				CLANG_WARN_ENUM_CONVERSION = YES;
				CLANG_WARN_INFINITE_RECURSION = YES;
				CLANG_WARN_INT_CONVERSION = YES;
				CLANG_WARN_NON_LITERAL_NULL_CONVERSION = YES;
				CLANG_WARN_OBJC_IMPLICIT_RETAIN_SELF = YES;
				CLANG_WARN_OBJC_LITERAL_CONVERSION = YES;
				CLANG_WARN_OBJC_ROOT_CLASS = YES_ERROR;
				CLANG_WARN_RANGE_LOOP_ANALYSIS = YES;
				CLANG_WARN_STRICT_PROTOTYPES = YES;
				CLANG_WARN_SUSPICIOUS_MOVE = YES;
				CLANG_WARN_UNGUARDED_AVAILABILITY = YES_AGGRESSIVE;
				CLANG_WARN_UNREACHABLE_CODE = YES;
				CLANG_WARN__DUPLICATE_METHOD_MATCH = YES;
				CODE_SIGN_IDENTITY = "iPhone Developer";
				COPY_PHASE_STRIP = NO;
				DEBUG_INFORMATION_FORMAT = "dwarf-with-dsym";
				ENABLE_NS_ASSERTIONS = NO;
				ENABLE_STRICT_OBJC_MSGSEND = YES;
				GCC_C_LANGUAGE_STANDARD = gnu11;
				GCC_NO_COMMON_BLOCKS = YES;
				GCC_WARN_64_TO_32_BIT_CONVERSION = YES;
				GCC_WARN_ABOUT_RETURN_TYPE = YES_ERROR;
				GCC_WARN_UNDECLARED_SELECTOR = YES;
				GCC_WARN_UNINITIALIZED_AUTOS = YES_AGGRESSIVE;
				GCC_WARN_UNUSED_FUNCTION = YES;
				GCC_WARN_UNUSED_VARIABLE = YES;
				IPHONEOS_DEPLOYMENT_TARGET = 12.2;
				MTL_ENABLE_DEBUG_INFO = NO;
				MTL_FAST_MATH = YES;
				SDKROOT = iphoneos;
				SWIFT_COMPILATION_MODE = wholemodule;
				SWIFT_OPTIMIZATION_LEVEL = "-O";
				VALIDATE_PRODUCT = YES;
			};
			name = Release;
		};
		06C52F802294752100FE904E /* Debug */ = {
			isa = XCBuildConfiguration;
			baseConfigurationReference = 51913D447F89D89899DBE551 /* Pods-Reciplease.debug.xcconfig */;
			buildSettings = {
				ASSETCATALOG_COMPILER_APPICON_NAME = AppIcon;
				CODE_SIGN_STYLE = Automatic;
				DEVELOPMENT_TEAM = GG5ZRH6UQF;
				INFOPLIST_FILE = Reciplease/Info.plist;
				IPHONEOS_DEPLOYMENT_TARGET = 11.0;
				LD_RUNPATH_SEARCH_PATHS = (
					"$(inherited)",
					"@executable_path/Frameworks",
				);
				PRODUCT_BUNDLE_IDENTIFIER = com.NS.Reciplease;
				PRODUCT_NAME = "$(TARGET_NAME)";
				SWIFT_VERSION = 5.0;
				TARGETED_DEVICE_FAMILY = 1;
			};
			name = Debug;
		};
		06C52F812294752100FE904E /* Release */ = {
			isa = XCBuildConfiguration;
			baseConfigurationReference = 05AAA1EF460078E723FF9FA8 /* Pods-Reciplease.release.xcconfig */;
			buildSettings = {
				ASSETCATALOG_COMPILER_APPICON_NAME = AppIcon;
				CODE_SIGN_STYLE = Automatic;
				DEVELOPMENT_TEAM = GG5ZRH6UQF;
				INFOPLIST_FILE = Reciplease/Info.plist;
				IPHONEOS_DEPLOYMENT_TARGET = 11.0;
				LD_RUNPATH_SEARCH_PATHS = (
					"$(inherited)",
					"@executable_path/Frameworks",
				);
				PRODUCT_BUNDLE_IDENTIFIER = com.NS.Reciplease;
				PRODUCT_NAME = "$(TARGET_NAME)";
				SWIFT_VERSION = 5.0;
				TARGETED_DEVICE_FAMILY = 1;
			};
			name = Release;
		};
		06C52F832294752100FE904E /* Debug */ = {
			isa = XCBuildConfiguration;
			baseConfigurationReference = B1BE2522D0177A7E72F86836 /* Pods-RecipleaseTests.debug.xcconfig */;
			buildSettings = {
				ALWAYS_EMBED_SWIFT_STANDARD_LIBRARIES = YES;
				BUNDLE_LOADER = "$(TEST_HOST)";
				CODE_SIGN_STYLE = Automatic;
				DEVELOPMENT_TEAM = GG5ZRH6UQF;
				INFOPLIST_FILE = RecipleaseTests/Info.plist;
				LD_RUNPATH_SEARCH_PATHS = (
					"$(inherited)",
					"@executable_path/Frameworks",
					"@loader_path/Frameworks",
				);
				PRODUCT_BUNDLE_IDENTIFIER = com.NS.RecipleaseTests;
				PRODUCT_NAME = "$(TARGET_NAME)";
				SWIFT_VERSION = 5.0;
				TARGETED_DEVICE_FAMILY = "1,2";
				TEST_HOST = "$(BUILT_PRODUCTS_DIR)/Reciplease.app/Reciplease";
			};
			name = Debug;
		};
		06C52F842294752100FE904E /* Release */ = {
			isa = XCBuildConfiguration;
			baseConfigurationReference = 331367ABC7E2B9982985C8E9 /* Pods-RecipleaseTests.release.xcconfig */;
			buildSettings = {
				ALWAYS_EMBED_SWIFT_STANDARD_LIBRARIES = YES;
				BUNDLE_LOADER = "$(TEST_HOST)";
				CODE_SIGN_STYLE = Automatic;
				DEVELOPMENT_TEAM = GG5ZRH6UQF;
				INFOPLIST_FILE = RecipleaseTests/Info.plist;
				LD_RUNPATH_SEARCH_PATHS = (
					"$(inherited)",
					"@executable_path/Frameworks",
					"@loader_path/Frameworks",
				);
				PRODUCT_BUNDLE_IDENTIFIER = com.NS.RecipleaseTests;
				PRODUCT_NAME = "$(TARGET_NAME)";
				SWIFT_VERSION = 5.0;
				TARGETED_DEVICE_FAMILY = "1,2";
				TEST_HOST = "$(BUILT_PRODUCTS_DIR)/Reciplease.app/Reciplease";
			};
			name = Release;
		};
/* End XCBuildConfiguration section */

/* Begin XCConfigurationList section */
		06C52F5A2294752000FE904E /* Build configuration list for PBXProject "Reciplease" */ = {
			isa = XCConfigurationList;
			buildConfigurations = (
				06C52F7D2294752100FE904E /* Debug */,
				06C52F7E2294752100FE904E /* Release */,
			);
			defaultConfigurationIsVisible = 0;
			defaultConfigurationName = Release;
		};
		06C52F7F2294752100FE904E /* Build configuration list for PBXNativeTarget "Reciplease" */ = {
			isa = XCConfigurationList;
			buildConfigurations = (
				06C52F802294752100FE904E /* Debug */,
				06C52F812294752100FE904E /* Release */,
			);
			defaultConfigurationIsVisible = 0;
			defaultConfigurationName = Release;
		};
		06C52F822294752100FE904E /* Build configuration list for PBXNativeTarget "RecipleaseTests" */ = {
			isa = XCConfigurationList;
			buildConfigurations = (
				06C52F832294752100FE904E /* Debug */,
				06C52F842294752100FE904E /* Release */,
			);
			defaultConfigurationIsVisible = 0;
			defaultConfigurationName = Release;
		};
/* End XCConfigurationList section */

/* Begin XCVersionGroup section */
		06C52F692294752000FE904E /* Reciplease.xcdatamodeld */ = {
			isa = XCVersionGroup;
			children = (
				06C52F6A2294752000FE904E /* Reciplease.xcdatamodel */,
			);
			currentVersion = 06C52F6A2294752000FE904E /* Reciplease.xcdatamodel */;
			path = Reciplease.xcdatamodeld;
			sourceTree = "<group>";
			versionGroupType = wrapper.xcdatamodel;
		};
/* End XCVersionGroup section */
	};
	rootObject = 06C52F572294752000FE904E /* Project object */;
}
